
Microsoft Visual Studio Solution File, Format Version 12.00
# Visual Studio Version 16
VisualStudioVersion = 16.0.29424.173
MinimumVisualStudioVersion = 10.0.40219.1
Project("{8BC9CEB8-8B4A-11D0-8D11-00A0C91BC942}") = "Safe_opening", "Safe_opening.vcxproj", "{4F142EB2-0A48-45B6-BC53-546706C1DAAF}"
EndProject
Global
	GlobalSection(SolutionConfigurationPlatforms) = preSolution
		Debug|x64 = Debug|x64
		Debug|x86 = Debug|x86
		Release|x64 = Release|x64
		Release|x86 = Release|x86
	EndGlobalSection
	GlobalSection(ProjectConfigurationPlatforms) = postSolution
		{4F142EB2-0A48-45B6-BC53-546706C1DAAF}.Debug|x64.ActiveCfg = Debug|x64
		{4F142EB2-0A48-45B6-BC53-546706C1DAAF}.Debug|x64.Build.0 = Debug|x64
		{4F142EB2-0A48-45B6-BC53-546706C1DAAF}.Debug|x86.ActiveCfg = Debug|Win32
		{4F142EB2-0A48-45B6-BC53-546706C1DAAF}.Debug|x86.Build.0 = Debug|Win32
		{4F142EB2-0A48-45B6-BC53-546706C1DAAF}.Release|x64.ActiveCfg = Release|x64
		{4F142EB2-0A48-45B6-BC53-546706C1DAAF}.Release|x64.Build.0 = Release|x64
		{4F142EB2-0A48-45B6-BC53-546706C1DAAF}.Release|x86.ActiveCfg = Release|Win32
		{4F142EB2-0A48-45B6-BC53-546706C1DAAF}.Release|x86.Build.0 = Release|Win32
	EndGlobalSection
	GlobalSection(SolutionProperties) = preSolution
		HideSolutionNode = FALSE
	EndGlobalSection
	GlobalSection(ExtensibilityGlobals) = postSolution
		SolutionGuid = {DB60342C-02F7-4B52-98BB-1CEBCAF83608}
	EndGlobalSection
EndGlobal
